// !$*UTF8*$!
{
	archiveVersion = 1;
	classes = {
	};
	objectVersion = 55;
	objects = {

/* Begin PBXBuildFile section */
		067EB2FA282FE2DD00360AC5 /* ARViewController.swift in Sources */ = {isa = PBXBuildFile; fileRef = 067EB2F9282FE2DD00360AC5 /* ARViewController.swift */; };
		067EB2FC282FE43100360AC5 /* ViewController.swift in Sources */ = {isa = PBXBuildFile; fileRef = 067EB2FB282FE43100360AC5 /* ViewController.swift */; };
		067EB301282FE67500360AC5 /* FocusSquare.swift in Sources */ = {isa = PBXBuildFile; fileRef = 067EB300282FE67500360AC5 /* FocusSquare.swift */; };
		067EB303282FE7AB00360AC5 /* SceneKit+Extension.swift in Sources */ = {isa = PBXBuildFile; fileRef = 067EB302282FE7AB00360AC5 /* SceneKit+Extension.swift */; };
		067EB305283249FE00360AC5 /* WeakWrapper.swift in Sources */ = {isa = PBXBuildFile; fileRef = 067EB304283249FE00360AC5 /* WeakWrapper.swift */; };
		069C17BA283831210099FE4F /* simd+Extension.swift in Sources */ = {isa = PBXBuildFile; fileRef = 069C17B9283831200099FE4F /* simd+Extension.swift */; };
		069C17BC283831670099FE4F /* SCNGeometry+Extension.swift in Sources */ = {isa = PBXBuildFile; fileRef = 069C17BB283831670099FE4F /* SCNGeometry+Extension.swift */; };
		069C17BE283831A40099FE4F /* SmartRaycast.swift in Sources */ = {isa = PBXBuildFile; fileRef = 069C17BD283831A40099FE4F /* SmartRaycast.swift */; };
		069C17C0283834FE0099FE4F /* GeometryManager.swift in Sources */ = {isa = PBXBuildFile; fileRef = 069C17BF283834FE0099FE4F /* GeometryManager.swift */; };
		069C17C2283836520099FE4F /* SCNVector3+Extension.swift in Sources */ = {isa = PBXBuildFile; fileRef = 069C17C1283836520099FE4F /* SCNVector3+Extension.swift */; };
		069C17C428383DB70099FE4F /* MapboxMapStyler.swift in Sources */ = {isa = PBXBuildFile; fileRef = 069C17C328383DB70099FE4F /* MapboxMapStyler.swift */; };
		06A3F4C8282D784F00F83FE0 /* AppDelegate.swift in Sources */ = {isa = PBXBuildFile; fileRef = 06A3F4C7282D784F00F83FE0 /* AppDelegate.swift */; };
		06A3F4CA282D784F00F83FE0 /* SceneDelegate.swift in Sources */ = {isa = PBXBuildFile; fileRef = 06A3F4C9282D784F00F83FE0 /* SceneDelegate.swift */; };
		06A3F4CC282D784F00F83FE0 /* MainViewController.swift in Sources */ = {isa = PBXBuildFile; fileRef = 06A3F4CB282D784F00F83FE0 /* MainViewController.swift */; };
		06A3F4CF282D784F00F83FE0 /* Main.storyboard in Resources */ = {isa = PBXBuildFile; fileRef = 06A3F4CD282D784F00F83FE0 /* Main.storyboard */; };
		06A3F4D1282D785100F83FE0 /* Assets.xcassets in Resources */ = {isa = PBXBuildFile; fileRef = 06A3F4D0282D785100F83FE0 /* Assets.xcassets */; };
		06A3F4D4282D785100F83FE0 /* LaunchScreen.storyboard in Resources */ = {isa = PBXBuildFile; fileRef = 06A3F4D2282D785100F83FE0 /* LaunchScreen.storyboard */; };
		06A3F4E6282D8AA800F83FE0 /* UIImage+Extension.swift in Sources */ = {isa = PBXBuildFile; fileRef = 06A3F4E5282D8AA800F83FE0 /* UIImage+Extension.swift */; };
		8C845478E46C4E1E20376244 /* Pods_MyPath.framework in Frameworks */ = {isa = PBXBuildFile; fileRef = ADC9DDC1B2BBF2491AF81B83 /* Pods_MyPath.framework */; };
/* End PBXBuildFile section */

/* Begin PBXFileReference section */
		067EB2F9282FE2DD00360AC5 /* ARViewController.swift */ = {isa = PBXFileReference; lastKnownFileType = sourcecode.swift; path = ARViewController.swift; sourceTree = "<group>"; };
		067EB2FB282FE43100360AC5 /* ViewController.swift */ = {isa = PBXFileReference; lastKnownFileType = sourcecode.swift; path = ViewController.swift; sourceTree = "<group>"; };
		067EB300282FE67500360AC5 /* FocusSquare.swift */ = {isa = PBXFileReference; lastKnownFileType = sourcecode.swift; path = FocusSquare.swift; sourceTree = "<group>"; };
		067EB302282FE7AB00360AC5 /* SceneKit+Extension.swift */ = {isa = PBXFileReference; lastKnownFileType = sourcecode.swift; path = "SceneKit+Extension.swift"; sourceTree = "<group>"; };
		067EB304283249FE00360AC5 /* WeakWrapper.swift */ = {isa = PBXFileReference; lastKnownFileType = sourcecode.swift; path = WeakWrapper.swift; sourceTree = "<group>"; };
		069C17B9283831200099FE4F /* simd+Extension.swift */ = {isa = PBXFileReference; lastKnownFileType = sourcecode.swift; path = "simd+Extension.swift"; sourceTree = "<group>"; };
		069C17BB283831670099FE4F /* SCNGeometry+Extension.swift */ = {isa = PBXFileReference; lastKnownFileType = sourcecode.swift; path = "SCNGeometry+Extension.swift"; sourceTree = "<group>"; };
		069C17BD283831A40099FE4F /* SmartRaycast.swift */ = {isa = PBXFileReference; lastKnownFileType = sourcecode.swift; path = SmartRaycast.swift; sourceTree = "<group>"; };
		069C17BF283834FE0099FE4F /* GeometryManager.swift */ = {isa = PBXFileReference; lastKnownFileType = sourcecode.swift; path = GeometryManager.swift; sourceTree = "<group>"; };
		069C17C1283836520099FE4F /* SCNVector3+Extension.swift */ = {isa = PBXFileReference; lastKnownFileType = sourcecode.swift; path = "SCNVector3+Extension.swift"; sourceTree = "<group>"; };
		069C17C328383DB70099FE4F /* MapboxMapStyler.swift */ = {isa = PBXFileReference; lastKnownFileType = sourcecode.swift; path = MapboxMapStyler.swift; sourceTree = "<group>"; };
		06A3F4C4282D784F00F83FE0 /* MyPath.app */ = {isa = PBXFileReference; explicitFileType = wrapper.application; includeInIndex = 0; path = MyPath.app; sourceTree = BUILT_PRODUCTS_DIR; };
		06A3F4C7282D784F00F83FE0 /* AppDelegate.swift */ = {isa = PBXFileReference; lastKnownFileType = sourcecode.swift; path = AppDelegate.swift; sourceTree = "<group>"; };
		06A3F4C9282D784F00F83FE0 /* SceneDelegate.swift */ = {isa = PBXFileReference; lastKnownFileType = sourcecode.swift; path = SceneDelegate.swift; sourceTree = "<group>"; };
		06A3F4CB282D784F00F83FE0 /* MainViewController.swift */ = {isa = PBXFileReference; lastKnownFileType = sourcecode.swift; path = MainViewController.swift; sourceTree = "<group>"; };
		06A3F4CE282D784F00F83FE0 /* Base */ = {isa = PBXFileReference; lastKnownFileType = file.storyboard; name = Base; path = Base.lproj/Main.storyboard; sourceTree = "<group>"; };
		06A3F4D0282D785100F83FE0 /* Assets.xcassets */ = {isa = PBXFileReference; lastKnownFileType = folder.assetcatalog; path = Assets.xcassets; sourceTree = "<group>"; };
		06A3F4D3282D785100F83FE0 /* Base */ = {isa = PBXFileReference; lastKnownFileType = file.storyboard; name = Base; path = Base.lproj/LaunchScreen.storyboard; sourceTree = "<group>"; };
		06A3F4D5282D785100F83FE0 /* Info.plist */ = {isa = PBXFileReference; lastKnownFileType = text.plist.xml; path = Info.plist; sourceTree = "<group>"; };
		06A3F4E5282D8AA800F83FE0 /* UIImage+Extension.swift */ = {isa = PBXFileReference; lastKnownFileType = sourcecode.swift; path = "UIImage+Extension.swift"; sourceTree = "<group>"; };
		40E22F6EC656C277AEC8B2CE /* Pods-MyPath.release.xcconfig */ = {isa = PBXFileReference; includeInIndex = 1; lastKnownFileType = text.xcconfig; name = "Pods-MyPath.release.xcconfig"; path = "Target Support Files/Pods-MyPath/Pods-MyPath.release.xcconfig"; sourceTree = "<group>"; };
		ADC9DDC1B2BBF2491AF81B83 /* Pods_MyPath.framework */ = {isa = PBXFileReference; explicitFileType = wrapper.framework; includeInIndex = 0; path = Pods_MyPath.framework; sourceTree = BUILT_PRODUCTS_DIR; };
		E51EEE909984BBB19DB4BE2B /* Pods-MyPath.debug.xcconfig */ = {isa = PBXFileReference; includeInIndex = 1; lastKnownFileType = text.xcconfig; name = "Pods-MyPath.debug.xcconfig"; path = "Target Support Files/Pods-MyPath/Pods-MyPath.debug.xcconfig"; sourceTree = "<group>"; };
/* End PBXFileReference section */

/* Begin PBXFrameworksBuildPhase section */
		06A3F4C1282D784F00F83FE0 /* Frameworks */ = {
			isa = PBXFrameworksBuildPhase;
			buildActionMask = 2147483647;
			files = (
				8C845478E46C4E1E20376244 /* Pods_MyPath.framework in Frameworks */,
			);
			runOnlyForDeploymentPostprocessing = 0;
		};
/* End PBXFrameworksBuildPhase section */

/* Begin PBXGroup section */
		067EB2F8282FE2CC00360AC5 /* AR */ = {
			isa = PBXGroup;
			children = (
				067EB2F9282FE2DD00360AC5 /* ARViewController.swift */,
			);
			path = AR;
			sourceTree = "<group>";
		};
		067EB2FF282FE62000360AC5 /* ARComponents */ = {
			isa = PBXGroup;
			children = (
				067EB300282FE67500360AC5 /* FocusSquare.swift */,
				069C17BF283834FE0099FE4F /* GeometryManager.swift */,
			);
			path = ARComponents;
			sourceTree = "<group>";
		};
		06A3F4BB282D784F00F83FE0 = {
			isa = PBXGroup;
			children = (
				06A3F4C6282D784F00F83FE0 /* MyPath */,
				06A3F4C5282D784F00F83FE0 /* Products */,
				21D589A22BCAC5AD26B66FFE /* Pods */,
				F75E4BB8A05DDFC8073462ED /* Frameworks */,
			);
			sourceTree = "<group>";
		};
		06A3F4C5282D784F00F83FE0 /* Products */ = {
			isa = PBXGroup;
			children = (
				06A3F4C4282D784F00F83FE0 /* MyPath.app */,
			);
			name = Products;
			sourceTree = "<group>";
		};
		06A3F4C6282D784F00F83FE0 /* MyPath */ = {
			isa = PBXGroup;
			children = (
				06A3F4E3282D7FD100F83FE0 /* Common */,
				06A3F4DD282D7EBC00F83FE0 /* Application */,
				06A3F4DB282D7EAA00F83FE0 /* Navigation */,
				06A3F4DE282D7ECA00F83FE0 /* Storyboard */,
				06A3F4DF282D7ED500F83FE0 /* Resources */,
			);
			path = MyPath;
			sourceTree = "<group>";
		};
		06A3F4DB282D7EAA00F83FE0 /* Navigation */ = {
			isa = PBXGroup;
			children = (
				067EB2F8282FE2CC00360AC5 /* AR */,
				06A3F4DC282D7EB300F83FE0 /* Main */,
			);
			path = Navigation;
			sourceTree = "<group>";
		};
		06A3F4DC282D7EB300F83FE0 /* Main */ = {
			isa = PBXGroup;
			children = (
				06A3F4CB282D784F00F83FE0 /* MainViewController.swift */,
			);
			path = Main;
			sourceTree = "<group>";
		};
		06A3F4DD282D7EBC00F83FE0 /* Application */ = {
			isa = PBXGroup;
			children = (
				06A3F4C9282D784F00F83FE0 /* SceneDelegate.swift */,
				06A3F4C7282D784F00F83FE0 /* AppDelegate.swift */,
			);
			path = Application;
			sourceTree = "<group>";
		};
		06A3F4DE282D7ECA00F83FE0 /* Storyboard */ = {
			isa = PBXGroup;
			children = (
				06A3F4CD282D784F00F83FE0 /* Main.storyboard */,
				06A3F4D2282D785100F83FE0 /* LaunchScreen.storyboard */,
			);
			path = Storyboard;
			sourceTree = "<group>";
		};
		06A3F4DF282D7ED500F83FE0 /* Resources */ = {
			isa = PBXGroup;
			children = (
				06A3F4D5282D785100F83FE0 /* Info.plist */,
				06A3F4D0282D785100F83FE0 /* Assets.xcassets */,
			);
			path = Resources;
			sourceTree = "<group>";
		};
		06A3F4E3282D7FD100F83FE0 /* Common */ = {
			isa = PBXGroup;
			children = (
				067EB2FF282FE62000360AC5 /* ARComponents */,
				06A3F4E4282D8A9500F83FE0 /* Extension */,
				067EB2FB282FE43100360AC5 /* ViewController.swift */,
				067EB304283249FE00360AC5 /* WeakWrapper.swift */,
				069C17C328383DB70099FE4F /* MapboxMapStyler.swift */,
			);
			path = Common;
			sourceTree = "<group>";
		};
		06A3F4E4282D8A9500F83FE0 /* Extension */ = {
			isa = PBXGroup;
			children = (
				06A3F4E5282D8AA800F83FE0 /* UIImage+Extension.swift */,
				067EB302282FE7AB00360AC5 /* SceneKit+Extension.swift */,
				069C17B9283831200099FE4F /* simd+Extension.swift */,
				069C17BB283831670099FE4F /* SCNGeometry+Extension.swift */,
				069C17BD283831A40099FE4F /* SmartRaycast.swift */,
				069C17C1283836520099FE4F /* SCNVector3+Extension.swift */,
			);
			path = Extension;
			sourceTree = "<group>";
		};
		21D589A22BCAC5AD26B66FFE /* Pods */ = {
			isa = PBXGroup;
			children = (
				E51EEE909984BBB19DB4BE2B /* Pods-MyPath.debug.xcconfig */,
				40E22F6EC656C277AEC8B2CE /* Pods-MyPath.release.xcconfig */,
			);
			path = Pods;
			sourceTree = "<group>";
		};
		F75E4BB8A05DDFC8073462ED /* Frameworks */ = {
			isa = PBXGroup;
			children = (
				ADC9DDC1B2BBF2491AF81B83 /* Pods_MyPath.framework */,
			);
			name = Frameworks;
			sourceTree = "<group>";
		};
/* End PBXGroup section */

/* Begin PBXNativeTarget section */
		06A3F4C3282D784F00F83FE0 /* MyPath */ = {
			isa = PBXNativeTarget;
			buildConfigurationList = 06A3F4D8282D785100F83FE0 /* Build configuration list for PBXNativeTarget "MyPath" */;
			buildPhases = (
				D10CE26E9A3F2558545AF8D5 /* [CP] Check Pods Manifest.lock */,
				06A3F4C0282D784F00F83FE0 /* Sources */,
				06A3F4C1282D784F00F83FE0 /* Frameworks */,
				06A3F4C2282D784F00F83FE0 /* Resources */,
				F0174FF976D5C82D7D38077C /* [CP] Embed Pods Frameworks */,
			);
			buildRules = (
			);
			dependencies = (
			);
			name = MyPath;
			productName = MyPath;
			productReference = 06A3F4C4282D784F00F83FE0 /* MyPath.app */;
			productType = "com.apple.product-type.application";
		};
/* End PBXNativeTarget section */

/* Begin PBXProject section */
		06A3F4BC282D784F00F83FE0 /* Project object */ = {
			isa = PBXProject;
			attributes = {
				BuildIndependentTargetsInParallel = 1;
				LastSwiftUpdateCheck = 1320;
				LastUpgradeCheck = 1320;
				TargetAttributes = {
					06A3F4C3282D784F00F83FE0 = {
						CreatedOnToolsVersion = 13.2.1;
					};
				};
			};
			buildConfigurationList = 06A3F4BF282D784F00F83FE0 /* Build configuration list for PBXProject "MyPath" */;
			compatibilityVersion = "Xcode 13.0";
			developmentRegion = en;
			hasScannedForEncodings = 0;
			knownRegions = (
				en,
				Base,
			);
			mainGroup = 06A3F4BB282D784F00F83FE0;
			productRefGroup = 06A3F4C5282D784F00F83FE0 /* Products */;
			projectDirPath = "";
			projectRoot = "";
			targets = (
				06A3F4C3282D784F00F83FE0 /* MyPath */,
			);
		};
/* End PBXProject section */

/* Begin PBXResourcesBuildPhase section */
		06A3F4C2282D784F00F83FE0 /* Resources */ = {
			isa = PBXResourcesBuildPhase;
			buildActionMask = 2147483647;
			files = (
				06A3F4D4282D785100F83FE0 /* LaunchScreen.storyboard in Resources */,
				06A3F4D1282D785100F83FE0 /* Assets.xcassets in Resources */,
				06A3F4CF282D784F00F83FE0 /* Main.storyboard in Resources */,
			);
			runOnlyForDeploymentPostprocessing = 0;
		};
/* End PBXResourcesBuildPhase section */

/* Begin PBXShellScriptBuildPhase section */
		D10CE26E9A3F2558545AF8D5 /* [CP] Check Pods Manifest.lock */ = {
			isa = PBXShellScriptBuildPhase;
			buildActionMask = 2147483647;
			files = (
			);
			inputFileListPaths = (
			);
			inputPaths = (
				"${PODS_PODFILE_DIR_PATH}/Podfile.lock",
				"${PODS_ROOT}/Manifest.lock",
			);
			name = "[CP] Check Pods Manifest.lock";
			outputFileListPaths = (
			);
			outputPaths = (
				"$(DERIVED_FILE_DIR)/Pods-MyPath-checkManifestLockResult.txt",
			);
			runOnlyForDeploymentPostprocessing = 0;
			shellPath = /bin/sh;
			shellScript = "diff \"${PODS_PODFILE_DIR_PATH}/Podfile.lock\" \"${PODS_ROOT}/Manifest.lock\" > /dev/null\nif [ $? != 0 ] ; then\n    # print error to STDERR\n    echo \"error: The sandbox is not in sync with the Podfile.lock. Run 'pod install' or update your CocoaPods installation.\" >&2\n    exit 1\nfi\n# This output is used by Xcode 'outputs' to avoid re-running this script phase.\necho \"SUCCESS\" > \"${SCRIPT_OUTPUT_FILE_0}\"\n";
			showEnvVarsInLog = 0;
		};
		F0174FF976D5C82D7D38077C /* [CP] Embed Pods Frameworks */ = {
			isa = PBXShellScriptBuildPhase;
			buildActionMask = 2147483647;
			files = (
			);
			inputFileListPaths = (
				"${PODS_ROOT}/Target Support Files/Pods-MyPath/Pods-MyPath-frameworks-${CONFIGURATION}-input-files.xcfilelist",
			);
			name = "[CP] Embed Pods Frameworks";
			outputFileListPaths = (
				"${PODS_ROOT}/Target Support Files/Pods-MyPath/Pods-MyPath-frameworks-${CONFIGURATION}-output-files.xcfilelist",
			);
			runOnlyForDeploymentPostprocessing = 0;
			shellPath = /bin/sh;
			shellScript = "\"${PODS_ROOT}/Target Support Files/Pods-MyPath/Pods-MyPath-frameworks.sh\"\n";
			showEnvVarsInLog = 0;
		};
/* End PBXShellScriptBuildPhase section */

/* Begin PBXSourcesBuildPhase section */
		06A3F4C0282D784F00F83FE0 /* Sources */ = {
			isa = PBXSourcesBuildPhase;
			buildActionMask = 2147483647;
			files = (
				067EB2FC282FE43100360AC5 /* ViewController.swift in Sources */,
				067EB305283249FE00360AC5 /* WeakWrapper.swift in Sources */,
				069C17BA283831210099FE4F /* simd+Extension.swift in Sources */,
				069C17BE283831A40099FE4F /* SmartRaycast.swift in Sources */,
				067EB303282FE7AB00360AC5 /* SceneKit+Extension.swift in Sources */,
				067EB301282FE67500360AC5 /* FocusSquare.swift in Sources */,
				06A3F4CC282D784F00F83FE0 /* MainViewController.swift in Sources */,
				069C17BC283831670099FE4F /* SCNGeometry+Extension.swift in Sources */,
				06A3F4C8282D784F00F83FE0 /* AppDelegate.swift in Sources */,
				069C17C2283836520099FE4F /* SCNVector3+Extension.swift in Sources */,
				06A3F4CA282D784F00F83FE0 /* SceneDelegate.swift in Sources */,
				06A3F4E6282D8AA800F83FE0 /* UIImage+Extension.swift in Sources */,
				069C17C428383DB70099FE4F /* MapboxMapStyler.swift in Sources */,
				067EB2FA282FE2DD00360AC5 /* ARViewController.swift in Sources */,
				069C17C0283834FE0099FE4F /* GeometryManager.swift in Sources */,
			);
			runOnlyForDeploymentPostprocessing = 0;
		};
/* End PBXSourcesBuildPhase section */

/* Begin PBXVariantGroup section */
		06A3F4CD282D784F00F83FE0 /* Main.storyboard */ = {
			isa = PBXVariantGroup;
			children = (
				06A3F4CE282D784F00F83FE0 /* Base */,
			);
			name = Main.storyboard;
			sourceTree = "<group>";
		};
		06A3F4D2282D785100F83FE0 /* LaunchScreen.storyboard */ = {
			isa = PBXVariantGroup;
			children = (
				06A3F4D3282D785100F83FE0 /* Base */,
			);
			name = LaunchScreen.storyboard;
			sourceTree = "<group>";
		};
/* End PBXVariantGroup section */

/* Begin XCBuildConfiguration section */
		06A3F4D6282D785100F83FE0 /* Debug */ = {
			isa = XCBuildConfiguration;
			buildSettings = {
				ALWAYS_SEARCH_USER_PATHS = NO;
				CLANG_ANALYZER_NONNULL = YES;
				CLANG_ANALYZER_NUMBER_OBJECT_CONVERSION = YES_AGGRESSIVE;
				CLANG_CXX_LANGUAGE_STANDARD = "gnu++17";
				CLANG_CXX_LIBRARY = "libc++";
				CLANG_ENABLE_MODULES = YES;
				CLANG_ENABLE_OBJC_ARC = YES;
				CLANG_ENABLE_OBJC_WEAK = YES;
				CLANG_WARN_BLOCK_CAPTURE_AUTORELEASING = YES;
				CLANG_WARN_BOOL_CONVERSION = YES;
				CLANG_WARN_COMMA = YES;
				CLANG_WARN_CONSTANT_CONVERSION = YES;
				CLANG_WARN_DEPRECATED_OBJC_IMPLEMENTATIONS = YES;
				CLANG_WARN_DIRECT_OBJC_ISA_USAGE = YES_ERROR;
				CLANG_WARN_DOCUMENTATION_COMMENTS = YES;
				CLANG_WARN_EMPTY_BODY = YES;
				CLANG_WARN_ENUM_CONVERSION = YES;
				CLANG_WARN_INFINITE_RECURSION = YES;
				CLANG_WARN_INT_CONVERSION = YES;
				CLANG_WARN_NON_LITERAL_NULL_CONVERSION = YES;
				CLANG_WARN_OBJC_IMPLICIT_RETAIN_SELF = YES;
				CLANG_WARN_OBJC_LITERAL_CONVERSION = YES;
				CLANG_WARN_OBJC_ROOT_CLASS = YES_ERROR;
				CLANG_WARN_QUOTED_INCLUDE_IN_FRAMEWORK_HEADER = YES;
				CLANG_WARN_RANGE_LOOP_ANALYSIS = YES;
				CLANG_WARN_STRICT_PROTOTYPES = YES;
				CLANG_WARN_SUSPICIOUS_MOVE = YES;
				CLANG_WARN_UNGUARDED_AVAILABILITY = YES_AGGRESSIVE;
				CLANG_WARN_UNREACHABLE_CODE = YES;
				CLANG_WARN__DUPLICATE_METHOD_MATCH = YES;
				COPY_PHASE_STRIP = NO;
				DEBUG_INFORMATION_FORMAT = dwarf;
				ENABLE_STRICT_OBJC_MSGSEND = YES;
				ENABLE_TESTABILITY = YES;
				GCC_C_LANGUAGE_STANDARD = gnu11;
				GCC_DYNAMIC_NO_PIC = NO;
				GCC_NO_COMMON_BLOCKS = YES;
				GCC_OPTIMIZATION_LEVEL = 0;
				GCC_PREPROCESSOR_DEFINITIONS = (
					"DEBUG=1",
					"$(inherited)",
				);
				GCC_WARN_64_TO_32_BIT_CONVERSION = YES;
				GCC_WARN_ABOUT_RETURN_TYPE = YES_ERROR;
				GCC_WARN_UNDECLARED_SELECTOR = YES;
				GCC_WARN_UNINITIALIZED_AUTOS = YES_AGGRESSIVE;
				GCC_WARN_UNUSED_FUNCTION = YES;
				GCC_WARN_UNUSED_VARIABLE = YES;
				IPHONEOS_DEPLOYMENT_TARGET = 15.2;
				MTL_ENABLE_DEBUG_INFO = INCLUDE_SOURCE;
				MTL_FAST_MATH = YES;
				ONLY_ACTIVE_ARCH = YES;
				SDKROOT = iphoneos;
				SWIFT_ACTIVE_COMPILATION_CONDITIONS = DEBUG;
				SWIFT_OPTIMIZATION_LEVEL = "-Onone";
			};
			name = Debug;
		};
		06A3F4D7282D785100F83FE0 /* Release */ = {
			isa = XCBuildConfiguration;
			buildSettings = {
				ALWAYS_SEARCH_USER_PATHS = NO;
				CLANG_ANALYZER_NONNULL = YES;
				CLANG_ANALYZER_NUMBER_OBJECT_CONVERSION = YES_AGGRESSIVE;
				CLANG_CXX_LANGUAGE_STANDARD = "gnu++17";
				CLANG_CXX_LIBRARY = "libc++";
				CLANG_ENABLE_MODULES = YES;
				CLANG_ENABLE_OBJC_ARC = YES;
				CLANG_ENABLE_OBJC_WEAK = YES;
				CLANG_WARN_BLOCK_CAPTURE_AUTORELEASING = YES;
				CLANG_WARN_BOOL_CONVERSION = YES;
				CLANG_WARN_COMMA = YES;
				CLANG_WARN_CONSTANT_CONVERSION = YES;
				CLANG_WARN_DEPRECATED_OBJC_IMPLEMENTATIONS = YES;
				CLANG_WARN_DIRECT_OBJC_ISA_USAGE = YES_ERROR;
				CLANG_WARN_DOCUMENTATION_COMMENTS = YES;
				CLANG_WARN_EMPTY_BODY = YES;
				CLANG_WARN_ENUM_CONVERSION = YES;
				CLANG_WARN_INFINITE_RECURSION = YES;
				CLANG_WARN_INT_CONVERSION = YES;
				CLANG_WARN_NON_LITERAL_NULL_CONVERSION = YES;
				CLANG_WARN_OBJC_IMPLICIT_RETAIN_SELF = YES;
				CLANG_WARN_OBJC_LITERAL_CONVERSION = YES;
				CLANG_WARN_OBJC_ROOT_CLASS = YES_ERROR;
				CLANG_WARN_QUOTED_INCLUDE_IN_FRAMEWORK_HEADER = YES;
				CLANG_WARN_RANGE_LOOP_ANALYSIS = YES;
				CLANG_WARN_STRICT_PROTOTYPES = YES;
				CLANG_WARN_SUSPICIOUS_MOVE = YES;
				CLANG_WARN_UNGUARDED_AVAILABILITY = YES_AGGRESSIVE;
				CLANG_WARN_UNREACHABLE_CODE = YES;
				CLANG_WARN__DUPLICATE_METHOD_MATCH = YES;
				COPY_PHASE_STRIP = NO;
				DEBUG_INFORMATION_FORMAT = "dwarf-with-dsym";
				ENABLE_NS_ASSERTIONS = NO;
				ENABLE_STRICT_OBJC_MSGSEND = YES;
				GCC_C_LANGUAGE_STANDARD = gnu11;
				GCC_NO_COMMON_BLOCKS = YES;
				GCC_WARN_64_TO_32_BIT_CONVERSION = YES;
				GCC_WARN_ABOUT_RETURN_TYPE = YES_ERROR;
				GCC_WARN_UNDECLARED_SELECTOR = YES;
				GCC_WARN_UNINITIALIZED_AUTOS = YES_AGGRESSIVE;
				GCC_WARN_UNUSED_FUNCTION = YES;
				GCC_WARN_UNUSED_VARIABLE = YES;
				IPHONEOS_DEPLOYMENT_TARGET = 15.2;
				MTL_ENABLE_DEBUG_INFO = NO;
				MTL_FAST_MATH = YES;
				SDKROOT = iphoneos;
				SWIFT_COMPILATION_MODE = wholemodule;
				SWIFT_OPTIMIZATION_LEVEL = "-O";
				VALIDATE_PRODUCT = YES;
			};
			name = Release;
		};
		06A3F4D9282D785100F83FE0 /* Debug */ = {
			isa = XCBuildConfiguration;
			baseConfigurationReference = E51EEE909984BBB19DB4BE2B /* Pods-MyPath.debug.xcconfig */;
			buildSettings = {
				ASSETCATALOG_COMPILER_APPICON_NAME = AppIcon;
				ASSETCATALOG_COMPILER_GLOBAL_ACCENT_COLOR_NAME = AccentColor;
				CODE_SIGN_STYLE = Automatic;
				CURRENT_PROJECT_VERSION = 1;
				DEVELOPMENT_TEAM = 68W5DTBSDK;
				GENERATE_INFOPLIST_FILE = YES;
				INFOPLIST_FILE = MyPath/Resources/Info.plist;
				INFOPLIST_KEY_NSCameraUsageDescription = "AR Viewing";
				INFOPLIST_KEY_UIApplicationSupportsIndirectInputEvents = YES;
				INFOPLIST_KEY_UILaunchStoryboardName = LaunchScreen;
				INFOPLIST_KEY_UIMainStoryboardFile = Main;
				INFOPLIST_KEY_UISupportedInterfaceOrientations = UIInterfaceOrientationPortrait;
				INFOPLIST_KEY_UISupportedInterfaceOrientations_iPad = "UIInterfaceOrientationPortrait UIInterfaceOrientationPortraitUpsideDown UIInterfaceOrientationLandscapeLeft UIInterfaceOrientationLandscapeRight";
				INFOPLIST_KEY_UISupportedInterfaceOrientations_iPhone = "UIInterfaceOrientationPortrait UIInterfaceOrientationLandscapeLeft UIInterfaceOrientationLandscapeRight";
				LD_RUNPATH_SEARCH_PATHS = (
					"$(inherited)",
					"@executable_path/Frameworks",
				);
				MARKETING_VERSION = 1.0;
				PRODUCT_BUNDLE_IDENTIFIER = app.MyPath;
				PRODUCT_NAME = "$(TARGET_NAME)";
				SWIFT_EMIT_LOC_STRINGS = YES;
				SWIFT_VERSION = 5.0;
				TARGETED_DEVICE_FAMILY = "1,2";
			};
			name = Debug;
		};
		06A3F4DA282D785100F83FE0 /* Release */ = {
			isa = XCBuildConfiguration;
			baseConfigurationReference = 40E22F6EC656C277AEC8B2CE /* Pods-MyPath.release.xcconfig */;
			buildSettings = {
				ASSETCATALOG_COMPILER_APPICON_NAME = AppIcon;
				ASSETCATALOG_COMPILER_GLOBAL_ACCENT_COLOR_NAME = AccentColor;
				CODE_SIGN_STYLE = Automatic;
				CURRENT_PROJECT_VERSION = 1;
				DEVELOPMENT_TEAM = 68W5DTBSDK;
				GENERATE_INFOPLIST_FILE = YES;
				INFOPLIST_FILE = MyPath/Resources/Info.plist;
				INFOPLIST_KEY_NSCameraUsageDescription = "AR Viewing";
				INFOPLIST_KEY_UIApplicationSupportsIndirectInputEvents = YES;
				INFOPLIST_KEY_UILaunchStoryboardName = LaunchScreen;
				INFOPLIST_KEY_UIMainStoryboardFile = Main;
				INFOPLIST_KEY_UISupportedInterfaceOrientations = UIInterfaceOrientationPortrait;
				INFOPLIST_KEY_UISupportedInterfaceOrientations_iPad = "UIInterfaceOrientationPortrait UIInterfaceOrientationPortraitUpsideDown UIInterfaceOrientationLandscapeLeft UIInterfaceOrientationLandscapeRight";
				INFOPLIST_KEY_UISupportedInterfaceOrientations_iPhone = "UIInterfaceOrientationPortrait UIInterfaceOrientationLandscapeLeft UIInterfaceOrientationLandscapeRight";
				LD_RUNPATH_SEARCH_PATHS = (
					"$(inherited)",
					"@executable_path/Frameworks",
				);
				MARKETING_VERSION = 1.0;
				PRODUCT_BUNDLE_IDENTIFIER = app.MyPath;
				PRODUCT_NAME = "$(TARGET_NAME)";
				SWIFT_EMIT_LOC_STRINGS = YES;
				SWIFT_VERSION = 5.0;
				TARGETED_DEVICE_FAMILY = "1,2";
			};
			name = Release;
		};
/* End XCBuildConfiguration section */

/* Begin XCConfigurationList section */
		06A3F4BF282D784F00F83FE0 /* Build configuration list for PBXProject "MyPath" */ = {
			isa = XCConfigurationList;
			buildConfigurations = (
				06A3F4D6282D785100F83FE0 /* Debug */,
				06A3F4D7282D785100F83FE0 /* Release */,
			);
			defaultConfigurationIsVisible = 0;
			defaultConfigurationName = Release;
		};
		06A3F4D8282D785100F83FE0 /* Build configuration list for PBXNativeTarget "MyPath" */ = {
			isa = XCConfigurationList;
			buildConfigurations = (
				06A3F4D9282D785100F83FE0 /* Debug */,
				06A3F4DA282D785100F83FE0 /* Release */,
			);
			defaultConfigurationIsVisible = 0;
			defaultConfigurationName = Release;
		};
/* End XCConfigurationList section */
	};
	rootObject = 06A3F4BC282D784F00F83FE0 /* Project object */;
}
